
Microsoft Visual Studio Solution File, Format Version 12.00
# Visual Studio Version 17
VisualStudioVersion = 17.14.36518.9 d17.14
MinimumVisualStudioVersion = 10.0.40219.1
Project("{FAE04EC0-301F-11D3-BF4B-00C04F79EFBC}") = "CasperWallet", "CasperWallet.csproj", "{52E2380E-AFAE-48C9-9A4F-A2CB55B744CE}"
EndProject
Global
	GlobalSection(SolutionConfigurationPlatforms) = preSolution
		Debug|Any CPU = Debug|Any CPU
		Release|Any CPU = Release|Any CPU
	EndGlobalSection
	GlobalSection(ProjectConfigurationPlatforms) = postSolution
		{52E2380E-AFAE-48C9-9A4F-A2CB55B744CE}.Debug|Any CPU.ActiveCfg = Debug|Any CPU
		{52E2380E-AFAE-48C9-9A4F-A2CB55B744CE}.Debug|Any CPU.Build.0 = Debug|Any CPU
		{52E2380E-AFAE-48C9-9A4F-A2CB55B744CE}.Release|Any CPU.ActiveCfg = Release|Any CPU
		{52E2380E-AFAE-48C9-9A4F-A2CB55B744CE}.Release|Any CPU.Build.0 = Release|Any CPU
	EndGlobalSection
	GlobalSection(SolutionProperties) = preSolution
		HideSolutionNode = FALSE
	EndGlobalSection
	GlobalSection(ExtensibilityGlobals) = postSolution
		SolutionGuid = {F09EDCC7-E3D4-4798-A94C-BBF25A038B30}
	EndGlobalSection
EndGlobal
